
Microsoft Visual Studio Solution File, Format Version 12.00
# Visual Studio Version 16
VisualStudioVersion = 16.0.30204.135
MinimumVisualStudioVersion = 10.0.40219.1
Project("{FAE04EC0-301F-11D3-BF4B-00C04F79EFBC}") = "KonektoStd", "KonektoStd\KonektoStd.csproj", "{ECC53275-6DF3-4C2D-A322-74001EB09C7E}"
EndProject
Global
	GlobalSection(SolutionConfigurationPlatforms) = preSolution
		Debug|Any CPU = Debug|Any CPU
		Release|Any CPU = Release|Any CPU
	EndGlobalSection
	GlobalSection(ProjectConfigurationPlatforms) = postSolution
		{ECC53275-6DF3-4C2D-A322-74001EB09C7E}.Debug|Any CPU.ActiveCfg = Debug|Any CPU
		{ECC53275-6DF3-4C2D-A322-74001EB09C7E}.Debug|Any CPU.Build.0 = Debug|Any CPU
		{ECC53275-6DF3-4C2D-A322-74001EB09C7E}.Release|Any CPU.ActiveCfg = Release|Any CPU
		{ECC53275-6DF3-4C2D-A322-74001EB09C7E}.Release|Any CPU.Build.0 = Release|Any CPU
	EndGlobalSection
	GlobalSection(SolutionProperties) = preSolution
		HideSolutionNode = FALSE
	EndGlobalSection
	GlobalSection(ExtensibilityGlobals) = postSolution
		SolutionGuid = {EB53BB16-6DB9-471F-9B6B-6EB9CEA70BB5}
	EndGlobalSection
EndGlobal
